
Microsoft Visual Studio Solution File, Format Version 12.00
# Visual Studio 15
VisualStudioVersion = 15.0.28307.572
MinimumVisualStudioVersion = 10.0.40219.1
Project("{FAE04EC0-301F-11D3-BF4B-00C04F79EFBC}") = "AITRSurveyApplicationWebForms", "AITRSurveyApplicationWebForms\AITRSurveyApplicationWebForms.csproj", "{65B13BF0-1C6D-4D61-B107-DB0FFA77B027}"
EndProject
Global
	GlobalSection(SolutionConfigurationPlatforms) = preSolution
		Debug|Any CPU = Debug|Any CPU
		Release|Any CPU = Release|Any CPU
	EndGlobalSection
	GlobalSection(ProjectConfigurationPlatforms) = postSolution
		{65B13BF0-1C6D-4D61-B107-DB0FFA77B027}.Debug|Any CPU.ActiveCfg = Debug|Any CPU
		{65B13BF0-1C6D-4D61-B107-DB0FFA77B027}.Debug|Any CPU.Build.0 = Debug|Any CPU
		{65B13BF0-1C6D-4D61-B107-DB0FFA77B027}.Release|Any CPU.ActiveCfg = Release|Any CPU
		{65B13BF0-1C6D-4D61-B107-DB0FFA77B027}.Release|Any CPU.Build.0 = Release|Any CPU
	EndGlobalSection
	GlobalSection(SolutionProperties) = preSolution
		HideSolutionNode = FALSE
	EndGlobalSection
	GlobalSection(ExtensibilityGlobals) = postSolution
		SolutionGuid = {DB93447A-EEBF-494B-8312-70A60FB64EF9}
	EndGlobalSection
EndGlobal
